{
  "name": "testPackage",
  "version": "1.0.2",
  "lockfileVersion": 1,
  "requires": true,
  "dependencies": {
    "@zzailianlian/dom-tools": {
      "version": "1.0.0",
      "resolved": "https://registry.npmjs.org/@zzailianlian/dom-tools/-/dom-tools-1.0.0.tgz",
      "integrity": "sha512-yXwOzwNxYj2Kzs5uhXZH22VxuFZX1pBm0Zeu61PrG8FGYFL45r4BKragA16K+e+CFUqLRH2fid9bht7WQYYeHg=="
    }
  }
}
