{
  "name": "testPackage",
  "version": "1.0.2",
  "lockfileVersion": 1,
  "requires": true,
  "dependencies": {
    "@zzailianlian/dom-tools": {
      "version": "1.0.1",
      "resolved": "https://registry.npmjs.org/@zzailianlian/dom-tools/-/dom-tools-1.0.1.tgz",
      "integrity": "sha512-F2Nv99RHHgBQikWHPc+omofBJCpdwFha0X5kbRKbUsver7FZVgbG4ugK860TQe6+le0eyv5zj494MxOhcBkcrg=="
    }
  }
}
